
Microsoft Visual Studio Solution File, Format Version 12.00
# Visual Studio 14
VisualStudioVersion = 14.0.25420.1
MinimumVisualStudioVersion = 10.0.40219.1
Project("{FAE04EC0-301F-11D3-BF4B-00C04F79EFBC}") = "CorePracticeDemo", "CorePracticeDemo\CorePracticeDemo.csproj", "{E6EE748B-3EFF-4D7E-9FC7-D182ADD9FB76}"
EndProject
Global
	GlobalSection(SolutionConfigurationPlatforms) = preSolution
		Debug|Any CPU = Debug|Any CPU
		Release|Any CPU = Release|Any CPU
	EndGlobalSection
	GlobalSection(ProjectConfigurationPlatforms) = postSolution
		{E6EE748B-3EFF-4D7E-9FC7-D182ADD9FB76}.Debug|Any CPU.ActiveCfg = Debug|Any CPU
		{E6EE748B-3EFF-4D7E-9FC7-D182ADD9FB76}.Debug|Any CPU.Build.0 = Debug|Any CPU
		{E6EE748B-3EFF-4D7E-9FC7-D182ADD9FB76}.Release|Any CPU.ActiveCfg = Release|Any CPU
		{E6EE748B-3EFF-4D7E-9FC7-D182ADD9FB76}.Release|Any CPU.Build.0 = Release|Any CPU
	EndGlobalSection
	GlobalSection(SolutionProperties) = preSolution
		HideSolutionNode = FALSE
	EndGlobalSection
EndGlobal
